
Microsoft Visual Studio Solution File, Format Version 12.00
# Visual Studio Version 16
VisualStudioVersion = 16.0.29324.140
MinimumVisualStudioVersion = 10.0.40219.1
Project("{8BC9CEB8-8B4A-11D0-8D11-00A0C91BC942}") = "CTPMarketQ", "CTPMarketQ\CTPMarketQ.vcxproj", "{733F3CD3-106B-4587-80B9-A94E98B09416}"
EndProject
Project("{8BC9CEB8-8B4A-11D0-8D11-00A0C91BC942}") = "FisherConsole", "FisherConsole\FisherConsole.vcxproj", "{252BD823-9007-4CE1-A6E8-5E71D921A511}"
EndProject
Project("{8BC9CEB8-8B4A-11D0-8D11-00A0C91BC942}") = "CTPTrader", "CTPTrader\CTPTrader.vcxproj", "{6FAF00E5-526F-4613-BB3F-AD07719B3292}"
EndProject
Global
	GlobalSection(SolutionConfigurationPlatforms) = preSolution
		Debug|x64 = Debug|x64
		Debug|x86 = Debug|x86
		Release|x64 = Release|x64
		Release|x86 = Release|x86
	EndGlobalSection
	GlobalSection(ProjectConfigurationPlatforms) = postSolution
		{733F3CD3-106B-4587-80B9-A94E98B09416}.Debug|x64.ActiveCfg = Debug|x64
		{733F3CD3-106B-4587-80B9-A94E98B09416}.Debug|x64.Build.0 = Debug|x64
		{733F3CD3-106B-4587-80B9-A94E98B09416}.Debug|x86.ActiveCfg = Debug|Win32
		{733F3CD3-106B-4587-80B9-A94E98B09416}.Debug|x86.Build.0 = Debug|Win32
		{733F3CD3-106B-4587-80B9-A94E98B09416}.Release|x64.ActiveCfg = Release|x64
		{733F3CD3-106B-4587-80B9-A94E98B09416}.Release|x64.Build.0 = Release|x64
		{733F3CD3-106B-4587-80B9-A94E98B09416}.Release|x86.ActiveCfg = Release|Win32
		{733F3CD3-106B-4587-80B9-A94E98B09416}.Release|x86.Build.0 = Release|Win32
		{252BD823-9007-4CE1-A6E8-5E71D921A511}.Debug|x64.ActiveCfg = Debug|x64
		{252BD823-9007-4CE1-A6E8-5E71D921A511}.Debug|x64.Build.0 = Debug|x64
		{252BD823-9007-4CE1-A6E8-5E71D921A511}.Debug|x86.ActiveCfg = Debug|Win32
		{252BD823-9007-4CE1-A6E8-5E71D921A511}.Debug|x86.Build.0 = Debug|Win32
		{252BD823-9007-4CE1-A6E8-5E71D921A511}.Release|x64.ActiveCfg = Release|x64
		{252BD823-9007-4CE1-A6E8-5E71D921A511}.Release|x64.Build.0 = Release|x64
		{252BD823-9007-4CE1-A6E8-5E71D921A511}.Release|x86.ActiveCfg = Release|Win32
		{252BD823-9007-4CE1-A6E8-5E71D921A511}.Release|x86.Build.0 = Release|Win32
		{6FAF00E5-526F-4613-BB3F-AD07719B3292}.Debug|x64.ActiveCfg = Debug|x64
		{6FAF00E5-526F-4613-BB3F-AD07719B3292}.Debug|x64.Build.0 = Debug|x64
		{6FAF00E5-526F-4613-BB3F-AD07719B3292}.Debug|x86.ActiveCfg = Debug|Win32
		{6FAF00E5-526F-4613-BB3F-AD07719B3292}.Debug|x86.Build.0 = Debug|Win32
		{6FAF00E5-526F-4613-BB3F-AD07719B3292}.Release|x64.ActiveCfg = Release|x64
		{6FAF00E5-526F-4613-BB3F-AD07719B3292}.Release|x64.Build.0 = Release|x64
		{6FAF00E5-526F-4613-BB3F-AD07719B3292}.Release|x86.ActiveCfg = Release|Win32
		{6FAF00E5-526F-4613-BB3F-AD07719B3292}.Release|x86.Build.0 = Release|Win32
	EndGlobalSection
	GlobalSection(SolutionProperties) = preSolution
		HideSolutionNode = FALSE
	EndGlobalSection
	GlobalSection(ExtensibilityGlobals) = postSolution
		SolutionGuid = {2D4B86EC-BB50-4E8C-832D-7326C55CC2D7}
	EndGlobalSection
EndGlobal
